{
  "name": "react-3d-globe",
  "version": "0.1.0",
  "lockfileVersion": 1,
  "requires": true,
  "dependencies": {
    "es6-tween": {
      "version": "5.2.2",
      "resolved": "https://registry.npmjs.org/es6-tween/-/es6-tween-5.2.2.tgz",
      "integrity": "sha1-4vcKTfutVrzwpHITRTTyDvmoIw8="
    }
  }
}
